// !$*UTF8*$!
{
	archiveVersion = 1;
	classes = {
	};
	objectVersion = 50;
	objects = {

/* Begin PBXBuildFile section */
		7DC20F592152F90E00C011DF /* AppDelegate.swift in Sources */ = {isa = PBXBuildFile; fileRef = 7DC20F582152F90E00C011DF /* AppDelegate.swift */; };
		7DC20F5E2152F90E00C011DF /* Main.storyboard in Resources */ = {isa = PBXBuildFile; fileRef = 7DC20F5C2152F90E00C011DF /* Main.storyboard */; };
		7DC20F602152F91000C011DF /* Assets.xcassets in Resources */ = {isa = PBXBuildFile; fileRef = 7DC20F5F2152F91000C011DF /* Assets.xcassets */; };
		7DC20F632152F91000C011DF /* LaunchScreen.storyboard in Resources */ = {isa = PBXBuildFile; fileRef = 7DC20F612152F91000C011DF /* LaunchScreen.storyboard */; };
		7DC20F6E2152F91000C011DF /* ReplayTests.swift in Sources */ = {isa = PBXBuildFile; fileRef = 7DC20F6D2152F91000C011DF /* ReplayTests.swift */; };
		7DC20F792152F91000C011DF /* ReplayUITests.swift in Sources */ = {isa = PBXBuildFile; fileRef = 7DC20F782152F91000C011DF /* ReplayUITests.swift */; };
		7DC20F872152F93400C011DF /* MainTabBarController.swift in Sources */ = {isa = PBXBuildFile; fileRef = 7DC20F862152F93400C011DF /* MainTabBarController.swift */; };
/* End PBXBuildFile section */

/* Begin PBXContainerItemProxy section */
		7DC20F6A2152F91000C011DF /* PBXContainerItemProxy */ = {
			isa = PBXContainerItemProxy;
			containerPortal = 7DC20F4D2152F90E00C011DF /* Project object */;
			proxyType = 1;
			remoteGlobalIDString = 7DC20F542152F90E00C011DF;
			remoteInfo = Replay;
		};
		7DC20F752152F91000C011DF /* PBXContainerItemProxy */ = {
			isa = PBXContainerItemProxy;
			containerPortal = 7DC20F4D2152F90E00C011DF /* Project object */;
			proxyType = 1;
			remoteGlobalIDString = 7DC20F542152F90E00C011DF;
			remoteInfo = Replay;
		};
/* End PBXContainerItemProxy section */

/* Begin PBXFileReference section */
		7DC20F552152F90E00C011DF /* Replay.app */ = {isa = PBXFileReference; explicitFileType = wrapper.application; includeInIndex = 0; path = Replay.app; sourceTree = BUILT_PRODUCTS_DIR; };
		7DC20F582152F90E00C011DF /* AppDelegate.swift */ = {isa = PBXFileReference; lastKnownFileType = sourcecode.swift; path = AppDelegate.swift; sourceTree = "<group>"; };
		7DC20F5D2152F90E00C011DF /* Base */ = {isa = PBXFileReference; lastKnownFileType = file.storyboard; name = Base; path = Base.lproj/Main.storyboard; sourceTree = "<group>"; };
		7DC20F5F2152F91000C011DF /* Assets.xcassets */ = {isa = PBXFileReference; lastKnownFileType = folder.assetcatalog; path = Assets.xcassets; sourceTree = "<group>"; };
		7DC20F622152F91000C011DF /* Base */ = {isa = PBXFileReference; lastKnownFileType = file.storyboard; name = Base; path = Base.lproj/LaunchScreen.storyboard; sourceTree = "<group>"; };
		7DC20F642152F91000C011DF /* Info.plist */ = {isa = PBXFileReference; lastKnownFileType = text.plist.xml; path = Info.plist; sourceTree = "<group>"; };
		7DC20F692152F91000C011DF /* ReplayTests.xctest */ = {isa = PBXFileReference; explicitFileType = wrapper.cfbundle; includeInIndex = 0; path = ReplayTests.xctest; sourceTree = BUILT_PRODUCTS_DIR; };
		7DC20F6D2152F91000C011DF /* ReplayTests.swift */ = {isa = PBXFileReference; lastKnownFileType = sourcecode.swift; path = ReplayTests.swift; sourceTree = "<group>"; };
		7DC20F6F2152F91000C011DF /* Info.plist */ = {isa = PBXFileReference; lastKnownFileType = text.plist.xml; path = Info.plist; sourceTree = "<group>"; };
		7DC20F742152F91000C011DF /* ReplayUITests.xctest */ = {isa = PBXFileReference; explicitFileType = wrapper.cfbundle; includeInIndex = 0; path = ReplayUITests.xctest; sourceTree = BUILT_PRODUCTS_DIR; };
		7DC20F782152F91000C011DF /* ReplayUITests.swift */ = {isa = PBXFileReference; lastKnownFileType = sourcecode.swift; path = ReplayUITests.swift; sourceTree = "<group>"; };
		7DC20F7A2152F91000C011DF /* Info.plist */ = {isa = PBXFileReference; lastKnownFileType = text.plist.xml; path = Info.plist; sourceTree = "<group>"; };
		7DC20F862152F93400C011DF /* MainTabBarController.swift */ = {isa = PBXFileReference; lastKnownFileType = sourcecode.swift; path = MainTabBarController.swift; sourceTree = "<group>"; };
/* End PBXFileReference section */

/* Begin PBXFrameworksBuildPhase section */
		7DC20F522152F90E00C011DF /* Frameworks */ = {
			isa = PBXFrameworksBuildPhase;
			buildActionMask = 2147483647;
			files = (
			);
			runOnlyForDeploymentPostprocessing = 0;
		};
		7DC20F662152F91000C011DF /* Frameworks */ = {
			isa = PBXFrameworksBuildPhase;
			buildActionMask = 2147483647;
			files = (
			);
			runOnlyForDeploymentPostprocessing = 0;
		};
		7DC20F712152F91000C011DF /* Frameworks */ = {
			isa = PBXFrameworksBuildPhase;
			buildActionMask = 2147483647;
			files = (
			);
			runOnlyForDeploymentPostprocessing = 0;
		};
/* End PBXFrameworksBuildPhase section */

/* Begin PBXGroup section */
		7DC20F4C2152F90E00C011DF = {
			isa = PBXGroup;
			children = (
				7DC20F572152F90E00C011DF /* Replay */,
				7DC20F6C2152F91000C011DF /* ReplayTests */,
				7DC20F772152F91000C011DF /* ReplayUITests */,
				7DC20F562152F90E00C011DF /* Products */,
			);
			sourceTree = "<group>";
		};
		7DC20F562152F90E00C011DF /* Products */ = {
			isa = PBXGroup;
			children = (
				7DC20F552152F90E00C011DF /* Replay.app */,
				7DC20F692152F91000C011DF /* ReplayTests.xctest */,
				7DC20F742152F91000C011DF /* ReplayUITests.xctest */,
			);
			name = Products;
			sourceTree = "<group>";
		};
		7DC20F572152F90E00C011DF /* Replay */ = {
			isa = PBXGroup;
			children = (
				7DC20F582152F90E00C011DF /* AppDelegate.swift */,
				7DC20F862152F93400C011DF /* MainTabBarController.swift */,
				7DC20F5C2152F90E00C011DF /* Main.storyboard */,
				7DC20F5F2152F91000C011DF /* Assets.xcassets */,
				7DC20F612152F91000C011DF /* LaunchScreen.storyboard */,
				7DC20F642152F91000C011DF /* Info.plist */,
			);
			path = Replay;
			sourceTree = "<group>";
		};
		7DC20F6C2152F91000C011DF /* ReplayTests */ = {
			isa = PBXGroup;
			children = (
				7DC20F6D2152F91000C011DF /* ReplayTests.swift */,
				7DC20F6F2152F91000C011DF /* Info.plist */,
			);
			path = ReplayTests;
			sourceTree = "<group>";
		};
		7DC20F772152F91000C011DF /* ReplayUITests */ = {
			isa = PBXGroup;
			children = (
				7DC20F782152F91000C011DF /* ReplayUITests.swift */,
				7DC20F7A2152F91000C011DF /* Info.plist */,
			);
			path = ReplayUITests;
			sourceTree = "<group>";
		};
/* End PBXGroup section */

/* Begin PBXNativeTarget section */
		7DC20F542152F90E00C011DF /* Replay */ = {
			isa = PBXNativeTarget;
			buildConfigurationList = 7DC20F7D2152F91000C011DF /* Build configuration list for PBXNativeTarget "Replay" */;
			buildPhases = (
				7DC20F512152F90E00C011DF /* Sources */,
				7DC20F522152F90E00C011DF /* Frameworks */,
				7DC20F532152F90E00C011DF /* Resources */,
			);
			buildRules = (
			);
			dependencies = (
			);
			name = Replay;
			productName = Replay;
			productReference = 7DC20F552152F90E00C011DF /* Replay.app */;
			productType = "com.apple.product-type.application";
		};
		7DC20F682152F91000C011DF /* ReplayTests */ = {
			isa = PBXNativeTarget;
			buildConfigurationList = 7DC20F802152F91000C011DF /* Build configuration list for PBXNativeTarget "ReplayTests" */;
			buildPhases = (
				7DC20F652152F91000C011DF /* Sources */,
				7DC20F662152F91000C011DF /* Frameworks */,
				7DC20F672152F91000C011DF /* Resources */,
			);
			buildRules = (
			);
			dependencies = (
				7DC20F6B2152F91000C011DF /* PBXTargetDependency */,
			);
			name = ReplayTests;
			productName = ReplayTests;
			productReference = 7DC20F692152F91000C011DF /* ReplayTests.xctest */;
			productType = "com.apple.product-type.bundle.unit-test";
		};
		7DC20F732152F91000C011DF /* ReplayUITests */ = {
			isa = PBXNativeTarget;
			buildConfigurationList = 7DC20F832152F91000C011DF /* Build configuration list for PBXNativeTarget "ReplayUITests" */;
			buildPhases = (
				7DC20F702152F91000C011DF /* Sources */,
				7DC20F712152F91000C011DF /* Frameworks */,
				7DC20F722152F91000C011DF /* Resources */,
			);
			buildRules = (
			);
			dependencies = (
				7DC20F762152F91000C011DF /* PBXTargetDependency */,
			);
			name = ReplayUITests;
			productName = ReplayUITests;
			productReference = 7DC20F742152F91000C011DF /* ReplayUITests.xctest */;
			productType = "com.apple.product-type.bundle.ui-testing";
		};
/* End PBXNativeTarget section */

/* Begin PBXProject section */
		7DC20F4D2152F90E00C011DF /* Project object */ = {
			isa = PBXProject;
			attributes = {
				LastSwiftUpdateCheck = 1000;
				LastUpgradeCheck = 1000;
				ORGANIZATIONNAME = "Jason Ngo";
				TargetAttributes = {
					7DC20F542152F90E00C011DF = {
						CreatedOnToolsVersion = 10.0;
					};
					7DC20F682152F91000C011DF = {
						CreatedOnToolsVersion = 10.0;
						TestTargetID = 7DC20F542152F90E00C011DF;
					};
					7DC20F732152F91000C011DF = {
						CreatedOnToolsVersion = 10.0;
						TestTargetID = 7DC20F542152F90E00C011DF;
					};
				};
			};
			buildConfigurationList = 7DC20F502152F90E00C011DF /* Build configuration list for PBXProject "Replay" */;
			compatibilityVersion = "Xcode 9.3";
			developmentRegion = en;
			hasScannedForEncodings = 0;
			knownRegions = (
				en,
				Base,
			);
			mainGroup = 7DC20F4C2152F90E00C011DF;
			productRefGroup = 7DC20F562152F90E00C011DF /* Products */;
			projectDirPath = "";
			projectRoot = "";
			targets = (
				7DC20F542152F90E00C011DF /* Replay */,
				7DC20F682152F91000C011DF /* ReplayTests */,
				7DC20F732152F91000C011DF /* ReplayUITests */,
			);
		};
/* End PBXProject section */

/* Begin PBXResourcesBuildPhase section */
		7DC20F532152F90E00C011DF /* Resources */ = {
			isa = PBXResourcesBuildPhase;
			buildActionMask = 2147483647;
			files = (
				7DC20F632152F91000C011DF /* LaunchScreen.storyboard in Resources */,
				7DC20F602152F91000C011DF /* Assets.xcassets in Resources */,
				7DC20F5E2152F90E00C011DF /* Main.storyboard in Resources */,
			);
			runOnlyForDeploymentPostprocessing = 0;
		};
		7DC20F672152F91000C011DF /* Resources */ = {
			isa = PBXResourcesBuildPhase;
			buildActionMask = 2147483647;
			files = (
			);
			runOnlyForDeploymentPostprocessing = 0;
		};
		7DC20F722152F91000C011DF /* Resources */ = {
			isa = PBXResourcesBuildPhase;
			buildActionMask = 2147483647;
			files = (
			);
			runOnlyForDeploymentPostprocessing = 0;
		};
/* End PBXResourcesBuildPhase section */

/* Begin PBXSourcesBuildPhase section */
		7DC20F512152F90E00C011DF /* Sources */ = {
			isa = PBXSourcesBuildPhase;
			buildActionMask = 2147483647;
			files = (
				7DC20F592152F90E00C011DF /* AppDelegate.swift in Sources */,
				7DC20F872152F93400C011DF /* MainTabBarController.swift in Sources */,
			);
			runOnlyForDeploymentPostprocessing = 0;
		};
		7DC20F652152F91000C011DF /* Sources */ = {
			isa = PBXSourcesBuildPhase;
			buildActionMask = 2147483647;
			files = (
				7DC20F6E2152F91000C011DF /* ReplayTests.swift in Sources */,
			);
			runOnlyForDeploymentPostprocessing = 0;
		};
		7DC20F702152F91000C011DF /* Sources */ = {
			isa = PBXSourcesBuildPhase;
			buildActionMask = 2147483647;
			files = (
				7DC20F792152F91000C011DF /* ReplayUITests.swift in Sources */,
			);
			runOnlyForDeploymentPostprocessing = 0;
		};
/* End PBXSourcesBuildPhase section */

/* Begin PBXTargetDependency section */
		7DC20F6B2152F91000C011DF /* PBXTargetDependency */ = {
			isa = PBXTargetDependency;
			target = 7DC20F542152F90E00C011DF /* Replay */;
			targetProxy = 7DC20F6A2152F91000C011DF /* PBXContainerItemProxy */;
		};
		7DC20F762152F91000C011DF /* PBXTargetDependency */ = {
			isa = PBXTargetDependency;
			target = 7DC20F542152F90E00C011DF /* Replay */;
			targetProxy = 7DC20F752152F91000C011DF /* PBXContainerItemProxy */;
		};
/* End PBXTargetDependency section */

/* Begin PBXVariantGroup section */
		7DC20F5C2152F90E00C011DF /* Main.storyboard */ = {
			isa = PBXVariantGroup;
			children = (
				7DC20F5D2152F90E00C011DF /* Base */,
			);
			name = Main.storyboard;
			sourceTree = "<group>";
		};
		7DC20F612152F91000C011DF /* LaunchScreen.storyboard */ = {
			isa = PBXVariantGroup;
			children = (
				7DC20F622152F91000C011DF /* Base */,
			);
			name = LaunchScreen.storyboard;
			sourceTree = "<group>";
		};
/* End PBXVariantGroup section */

/* Begin XCBuildConfiguration section */
		7DC20F7B2152F91000C011DF /* Debug */ = {
			isa = XCBuildConfiguration;
			buildSettings = {
				ALWAYS_SEARCH_USER_PATHS = NO;
				CLANG_ANALYZER_NONNULL = YES;
				CLANG_ANALYZER_NUMBER_OBJECT_CONVERSION = YES_AGGRESSIVE;
				CLANG_CXX_LANGUAGE_STANDARD = "gnu++14";
				CLANG_CXX_LIBRARY = "libc++";
				CLANG_ENABLE_MODULES = YES;
				CLANG_ENABLE_OBJC_ARC = YES;
				CLANG_ENABLE_OBJC_WEAK = YES;
				CLANG_WARN_BLOCK_CAPTURE_AUTORELEASING = YES;
				CLANG_WARN_BOOL_CONVERSION = YES;
				CLANG_WARN_COMMA = YES;
				CLANG_WARN_CONSTANT_CONVERSION = YES;
				CLANG_WARN_DEPRECATED_OBJC_IMPLEMENTATIONS = YES;
				CLANG_WARN_DIRECT_OBJC_ISA_USAGE = YES_ERROR;
				CLANG_WARN_DOCUMENTATION_COMMENTS = YES;
				CLANG_WARN_EMPTY_BODY = YES;
				CLANG_WARN_ENUM_CONVERSION = YES;
				CLANG_WARN_INFINITE_RECURSION = YES;
				CLANG_WARN_INT_CONVERSION = YES;
				CLANG_WARN_NON_LITERAL_NULL_CONVERSION = YES;
				CLANG_WARN_OBJC_IMPLICIT_RETAIN_SELF = YES;
				CLANG_WARN_OBJC_LITERAL_CONVERSION = YES;
				CLANG_WARN_OBJC_ROOT_CLASS = YES_ERROR;
				CLANG_WARN_RANGE_LOOP_ANALYSIS = YES;
				CLANG_WARN_STRICT_PROTOTYPES = YES;
				CLANG_WARN_SUSPICIOUS_MOVE = YES;
				CLANG_WARN_UNGUARDED_AVAILABILITY = YES_AGGRESSIVE;
				CLANG_WARN_UNREACHABLE_CODE = YES;
				CLANG_WARN__DUPLICATE_METHOD_MATCH = YES;
				CODE_SIGN_IDENTITY = "iPhone Developer";
				COPY_PHASE_STRIP = NO;
				DEBUG_INFORMATION_FORMAT = dwarf;
				ENABLE_STRICT_OBJC_MSGSEND = YES;
				ENABLE_TESTABILITY = YES;
				GCC_C_LANGUAGE_STANDARD = gnu11;
				GCC_DYNAMIC_NO_PIC = NO;
				GCC_NO_COMMON_BLOCKS = YES;
				GCC_OPTIMIZATION_LEVEL = 0;
				GCC_PREPROCESSOR_DEFINITIONS = (
					"DEBUG=1",
					"$(inherited)",
				);
				GCC_WARN_64_TO_32_BIT_CONVERSION = YES;
				GCC_WARN_ABOUT_RETURN_TYPE = YES_ERROR;
				GCC_WARN_UNDECLARED_SELECTOR = YES;
				GCC_WARN_UNINITIALIZED_AUTOS = YES_AGGRESSIVE;
				GCC_WARN_UNUSED_FUNCTION = YES;
				GCC_WARN_UNUSED_VARIABLE = YES;
				IPHONEOS_DEPLOYMENT_TARGET = 12.0;
				MTL_ENABLE_DEBUG_INFO = INCLUDE_SOURCE;
				MTL_FAST_MATH = YES;
				ONLY_ACTIVE_ARCH = YES;
				SDKROOT = iphoneos;
				SWIFT_ACTIVE_COMPILATION_CONDITIONS = DEBUG;
				SWIFT_OPTIMIZATION_LEVEL = "-Onone";
			};
			name = Debug;
		};
		7DC20F7C2152F91000C011DF /* Release */ = {
			isa = XCBuildConfiguration;
			buildSettings = {
				ALWAYS_SEARCH_USER_PATHS = NO;
				CLANG_ANALYZER_NONNULL = YES;
				CLANG_ANALYZER_NUMBER_OBJECT_CONVERSION = YES_AGGRESSIVE;
				CLANG_CXX_LANGUAGE_STANDARD = "gnu++14";
				CLANG_CXX_LIBRARY = "libc++";
				CLANG_ENABLE_MODULES = YES;
				CLANG_ENABLE_OBJC_ARC = YES;
				CLANG_ENABLE_OBJC_WEAK = YES;
				CLANG_WARN_BLOCK_CAPTURE_AUTORELEASING = YES;
				CLANG_WARN_BOOL_CONVERSION = YES;
				CLANG_WARN_COMMA = YES;
				CLANG_WARN_CONSTANT_CONVERSION = YES;
				CLANG_WARN_DEPRECATED_OBJC_IMPLEMENTATIONS = YES;
				CLANG_WARN_DIRECT_OBJC_ISA_USAGE = YES_ERROR;
				CLANG_WARN_DOCUMENTATION_COMMENTS = YES;
				CLANG_WARN_EMPTY_BODY = YES;
				CLANG_WARN_ENUM_CONVERSION = YES;
				CLANG_WARN_INFINITE_RECURSION = YES;
				CLANG_WARN_INT_CONVERSION = YES;
				CLANG_WARN_NON_LITERAL_NULL_CONVERSION = YES;
				CLANG_WARN_OBJC_IMPLICIT_RETAIN_SELF = YES;
				CLANG_WARN_OBJC_LITERAL_CONVERSION = YES;
				CLANG_WARN_OBJC_ROOT_CLASS = YES_ERROR;
				CLANG_WARN_RANGE_LOOP_ANALYSIS = YES;
				CLANG_WARN_STRICT_PROTOTYPES = YES;
				CLANG_WARN_SUSPICIOUS_MOVE = YES;
				CLANG_WARN_UNGUARDED_AVAILABILITY = YES_AGGRESSIVE;
				CLANG_WARN_UNREACHABLE_CODE = YES;
				CLANG_WARN__DUPLICATE_METHOD_MATCH = YES;
				CODE_SIGN_IDENTITY = "iPhone Developer";
				COPY_PHASE_STRIP = NO;
				DEBUG_INFORMATION_FORMAT = "dwarf-with-dsym";
				ENABLE_NS_ASSERTIONS = NO;
				ENABLE_STRICT_OBJC_MSGSEND = YES;
				GCC_C_LANGUAGE_STANDARD = gnu11;
				GCC_NO_COMMON_BLOCKS = YES;
				GCC_WARN_64_TO_32_BIT_CONVERSION = YES;
				GCC_WARN_ABOUT_RETURN_TYPE = YES_ERROR;
				GCC_WARN_UNDECLARED_SELECTOR = YES;
				GCC_WARN_UNINITIALIZED_AUTOS = YES_AGGRESSIVE;
				GCC_WARN_UNUSED_FUNCTION = YES;
				GCC_WARN_UNUSED_VARIABLE = YES;
				IPHONEOS_DEPLOYMENT_TARGET = 12.0;
				MTL_ENABLE_DEBUG_INFO = NO;
				MTL_FAST_MATH = YES;
				SDKROOT = iphoneos;
				SWIFT_COMPILATION_MODE = wholemodule;
				SWIFT_OPTIMIZATION_LEVEL = "-O";
				VALIDATE_PRODUCT = YES;
			};
			name = Release;
		};
		7DC20F7E2152F91000C011DF /* Debug */ = {
			isa = XCBuildConfiguration;
			buildSettings = {
				ASSETCATALOG_COMPILER_APPICON_NAME = AppIcon;
				CODE_SIGN_STYLE = Automatic;
				DEVELOPMENT_TEAM = 3TDSAUM76X;
				INFOPLIST_FILE = Replay/Info.plist;
				LD_RUNPATH_SEARCH_PATHS = (
					"$(inherited)",
					"@executable_path/Frameworks",
				);
				PRODUCT_BUNDLE_IDENTIFIER = ngo.jason.Replay;
				PRODUCT_NAME = "$(TARGET_NAME)";
				SWIFT_VERSION = 4.2;
				TARGETED_DEVICE_FAMILY = "1,2";
			};
			name = Debug;
		};
		7DC20F7F2152F91000C011DF /* Release */ = {
			isa = XCBuildConfiguration;
			buildSettings = {
				ASSETCATALOG_COMPILER_APPICON_NAME = AppIcon;
				CODE_SIGN_STYLE = Automatic;
				DEVELOPMENT_TEAM = 3TDSAUM76X;
				INFOPLIST_FILE = Replay/Info.plist;
				LD_RUNPATH_SEARCH_PATHS = (
					"$(inherited)",
					"@executable_path/Frameworks",
				);
				PRODUCT_BUNDLE_IDENTIFIER = ngo.jason.Replay;
				PRODUCT_NAME = "$(TARGET_NAME)";
				SWIFT_VERSION = 4.2;
				TARGETED_DEVICE_FAMILY = "1,2";
			};
			name = Release;
		};
		7DC20F812152F91000C011DF /* Debug */ = {
			isa = XCBuildConfiguration;
			buildSettings = {
				ALWAYS_EMBED_SWIFT_STANDARD_LIBRARIES = YES;
				BUNDLE_LOADER = "$(TEST_HOST)";
				CODE_SIGN_STYLE = Automatic;
				DEVELOPMENT_TEAM = 3TDSAUM76X;
				INFOPLIST_FILE = ReplayTests/Info.plist;
				LD_RUNPATH_SEARCH_PATHS = (
					"$(inherited)",
					"@executable_path/Frameworks",
					"@loader_path/Frameworks",
				);
				PRODUCT_BUNDLE_IDENTIFIER = ngo.jason.ReplayTests;
				PRODUCT_NAME = "$(TARGET_NAME)";
				SWIFT_VERSION = 4.2;
				TARGETED_DEVICE_FAMILY = "1,2";
				TEST_HOST = "$(BUILT_PRODUCTS_DIR)/Replay.app/Replay";
			};
			name = Debug;
		};
		7DC20F822152F91000C011DF /* Release */ = {
			isa = XCBuildConfiguration;
			buildSettings = {
				ALWAYS_EMBED_SWIFT_STANDARD_LIBRARIES = YES;
				BUNDLE_LOADER = "$(TEST_HOST)";
				CODE_SIGN_STYLE = Automatic;
				DEVELOPMENT_TEAM = 3TDSAUM76X;
				INFOPLIST_FILE = ReplayTests/Info.plist;
				LD_RUNPATH_SEARCH_PATHS = (
					"$(inherited)",
					"@executable_path/Frameworks",
					"@loader_path/Frameworks",
				);
				PRODUCT_BUNDLE_IDENTIFIER = ngo.jason.ReplayTests;
				PRODUCT_NAME = "$(TARGET_NAME)";
				SWIFT_VERSION = 4.2;
				TARGETED_DEVICE_FAMILY = "1,2";
				TEST_HOST = "$(BUILT_PRODUCTS_DIR)/Replay.app/Replay";
			};
			name = Release;
		};
		7DC20F842152F91000C011DF /* Debug */ = {
			isa = XCBuildConfiguration;
			buildSettings = {
				ALWAYS_EMBED_SWIFT_STANDARD_LIBRARIES = YES;
				CODE_SIGN_STYLE = Automatic;
				DEVELOPMENT_TEAM = 3TDSAUM76X;
				INFOPLIST_FILE = ReplayUITests/Info.plist;
				LD_RUNPATH_SEARCH_PATHS = (
					"$(inherited)",
					"@executable_path/Frameworks",
					"@loader_path/Frameworks",
				);
				PRODUCT_BUNDLE_IDENTIFIER = ngo.jason.ReplayUITests;
				PRODUCT_NAME = "$(TARGET_NAME)";
				SWIFT_VERSION = 4.2;
				TARGETED_DEVICE_FAMILY = "1,2";
				TEST_TARGET_NAME = Replay;
			};
			name = Debug;
		};
		7DC20F852152F91000C011DF /* Release */ = {
			isa = XCBuildConfiguration;
			buildSettings = {
				ALWAYS_EMBED_SWIFT_STANDARD_LIBRARIES = YES;
				CODE_SIGN_STYLE = Automatic;
				DEVELOPMENT_TEAM = 3TDSAUM76X;
				INFOPLIST_FILE = ReplayUITests/Info.plist;
				LD_RUNPATH_SEARCH_PATHS = (
					"$(inherited)",
					"@executable_path/Frameworks",
					"@loader_path/Frameworks",
				);
				PRODUCT_BUNDLE_IDENTIFIER = ngo.jason.ReplayUITests;
				PRODUCT_NAME = "$(TARGET_NAME)";
				SWIFT_VERSION = 4.2;
				TARGETED_DEVICE_FAMILY = "1,2";
				TEST_TARGET_NAME = Replay;
			};
			name = Release;
		};
/* End XCBuildConfiguration section */

/* Begin XCConfigurationList section */
		7DC20F502152F90E00C011DF /* Build configuration list for PBXProject "Replay" */ = {
			isa = XCConfigurationList;
			buildConfigurations = (
				7DC20F7B2152F91000C011DF /* Debug */,
				7DC20F7C2152F91000C011DF /* Release */,
			);
			defaultConfigurationIsVisible = 0;
			defaultConfigurationName = Release;
		};
		7DC20F7D2152F91000C011DF /* Build configuration list for PBXNativeTarget "Replay" */ = {
			isa = XCConfigurationList;
			buildConfigurations = (
				7DC20F7E2152F91000C011DF /* Debug */,
				7DC20F7F2152F91000C011DF /* Release */,
			);
			defaultConfigurationIsVisible = 0;
			defaultConfigurationName = Release;
		};
		7DC20F802152F91000C011DF /* Build configuration list for PBXNativeTarget "ReplayTests" */ = {
			isa = XCConfigurationList;
			buildConfigurations = (
				7DC20F812152F91000C011DF /* Debug */,
				7DC20F822152F91000C011DF /* Release */,
			);
			defaultConfigurationIsVisible = 0;
			defaultConfigurationName = Release;
		};
		7DC20F832152F91000C011DF /* Build configuration list for PBXNativeTarget "ReplayUITests" */ = {
			isa = XCConfigurationList;
			buildConfigurations = (
				7DC20F842152F91000C011DF /* Debug */,
				7DC20F852152F91000C011DF /* Release */,
			);
			defaultConfigurationIsVisible = 0;
			defaultConfigurationName = Release;
		};
/* End XCConfigurationList section */
	};
	rootObject = 7DC20F4D2152F90E00C011DF /* Project object */;
}
